
Microsoft Visual Studio Solution File, Format Version 12.00
# Visual Studio Version 16
VisualStudioVersion = 16.0.31205.134
MinimumVisualStudioVersion = 10.0.40219.1
Project("{FAE04EC0-301F-11D3-BF4B-00C04F79EFBC}") = "TestesDynamoDB", "TestesDynamoDB\TestesDynamoDB.csproj", "{B743A770-9323-4171-80BE-55B48DF5B60D}"
EndProject
Global
	GlobalSection(SolutionConfigurationPlatforms) = preSolution
		Debug|Any CPU = Debug|Any CPU
		Release|Any CPU = Release|Any CPU
	EndGlobalSection
	GlobalSection(ProjectConfigurationPlatforms) = postSolution
		{B743A770-9323-4171-80BE-55B48DF5B60D}.Debug|Any CPU.ActiveCfg = Debug|Any CPU
		{B743A770-9323-4171-80BE-55B48DF5B60D}.Debug|Any CPU.Build.0 = Debug|Any CPU
		{B743A770-9323-4171-80BE-55B48DF5B60D}.Release|Any CPU.ActiveCfg = Release|Any CPU
		{B743A770-9323-4171-80BE-55B48DF5B60D}.Release|Any CPU.Build.0 = Release|Any CPU
	EndGlobalSection
	GlobalSection(SolutionProperties) = preSolution
		HideSolutionNode = FALSE
	EndGlobalSection
	GlobalSection(ExtensibilityGlobals) = postSolution
		SolutionGuid = {7C5D8EC4-68DA-4281-9F8E-1004D511E704}
	EndGlobalSection
EndGlobal
